
Microsoft Visual Studio Solution File, Format Version 12.00
# Visual Studio Version 17
VisualStudioVersion = 17.14.37614.0 d17.14
MinimumVisualStudioVersion = 10.0.40219.1
Project("{FAE04EC0-301F-11D3-BF4B-00C04F79EFBC}") = "AadhaarAndDataExporter", "AadhaarAndDataExporter.csproj", "{C20D9ECA-4544-3AF6-CC3E-6EE63B6BC52E}"
EndProject
Global
	GlobalSection(SolutionConfigurationPlatforms) = preSolution
		Debug|Any CPU = Debug|Any CPU
		Release|Any CPU = Release|Any CPU
	EndGlobalSection
	GlobalSection(ProjectConfigurationPlatforms) = postSolution
		{C20D9ECA-4544-3AF6-CC3E-6EE63B6BC52E}.Debug|Any CPU.ActiveCfg = Debug|Any CPU
		{C20D9ECA-4544-3AF6-CC3E-6EE63B6BC52E}.Debug|Any CPU.Build.0 = Debug|Any CPU
		{C20D9ECA-4544-3AF6-CC3E-6EE63B6BC52E}.Release|Any CPU.ActiveCfg = Release|Any CPU
		{C20D9ECA-4544-3AF6-CC3E-6EE63B6BC52E}.Release|Any CPU.Build.0 = Release|Any CPU
	EndGlobalSection
	GlobalSection(SolutionProperties) = preSolution
		HideSolutionNode = FALSE
	EndGlobalSection
	GlobalSection(ExtensibilityGlobals) = postSolution
		SolutionGuid = {88AAAB84-4278-4940-80A7-B3D96568DAB0}
	EndGlobalSection
EndGlobal
